
Microsoft Visual Studio Solution File, Format Version 12.00
# Visual Studio Version 16
VisualStudioVersion = 16.0.28803.156
MinimumVisualStudioVersion = 10.0.40219.1
Project("{9A19103F-16F7-4668-BE54-9A1E7A4F7556}") = "aspnet-core-dotnet-core.FunctionalTests", "FunctionalTests\aspnet-core-dotnet-core.FunctionalTests.csproj", "{2440EF32-D82E-41A9-95EC-6CEE5367DA71}"
EndProject
Project("{9A19103F-16F7-4668-BE54-9A1E7A4F7556}") = "aspnet-core-dotnet-core.UnitTests", "UnitTests\aspnet-core-dotnet-core.UnitTests.csproj", "{CE6499E4-C84A-453A-900D-C5703BEB0137}"
EndProject
Project("{9A19103F-16F7-4668-BE54-9A1E7A4F7556}") = "aspnet-core-dotnet-core", "WebApp\aspnet-core-dotnet-core.csproj", "{25BFE759-C7D3-4DB7-9726-945BAE77708D}"
EndProject
Global
	GlobalSection(SolutionConfigurationPlatforms) = preSolution
		Debug|Any CPU = Debug|Any CPU
		Release|Any CPU = Release|Any CPU
	EndGlobalSection
	GlobalSection(ProjectConfigurationPlatforms) = postSolution
		{2440EF32-D82E-41A9-95EC-6CEE5367DA71}.Debug|Any CPU.ActiveCfg = Debug|Any CPU
		{2440EF32-D82E-41A9-95EC-6CEE5367DA71}.Debug|Any CPU.Build.0 = Debug|Any CPU
		{2440EF32-D82E-41A9-95EC-6CEE5367DA71}.Release|Any CPU.ActiveCfg = Release|Any CPU
		{2440EF32-D82E-41A9-95EC-6CEE5367DA71}.Release|Any CPU.Build.0 = Release|Any CPU
		{CE6499E4-C84A-453A-900D-C5703BEB0137}.Debug|Any CPU.ActiveCfg = Debug|Any CPU
		{CE6499E4-C84A-453A-900D-C5703BEB0137}.Debug|Any CPU.Build.0 = Debug|Any CPU
		{CE6499E4-C84A-453A-900D-C5703BEB0137}.Release|Any CPU.ActiveCfg = Release|Any CPU
		{CE6499E4-C84A-453A-900D-C5703BEB0137}.Release|Any CPU.Build.0 = Release|Any CPU
		{25BFE759-C7D3-4DB7-9726-945BAE77708D}.Debug|Any CPU.ActiveCfg = Debug|Any CPU
		{25BFE759-C7D3-4DB7-9726-945BAE77708D}.Debug|Any CPU.Build.0 = Debug|Any CPU
		{25BFE759-C7D3-4DB7-9726-945BAE77708D}.Release|Any CPU.ActiveCfg = Release|Any CPU
		{25BFE759-C7D3-4DB7-9726-945BAE77708D}.Release|Any CPU.Build.0 = Release|Any CPU
	EndGlobalSection
	GlobalSection(SolutionProperties) = preSolution
		HideSolutionNode = FALSE
	EndGlobalSection
	GlobalSection(ExtensibilityGlobals) = postSolution
		SolutionGuid = {11A23A0A-206A-4827-BBE8-CE44979FDDCE}
	EndGlobalSection
EndGlobal
